
Microsoft Visual Studio Solution File, Format Version 12.00
# Visual Studio 15
Project("{FAE04EC0-301F-11D3-BF4B-00C04F79EFBC}") = "BloggerApp", "BloggerApp\BloggerApp.csproj", "{D75F701D-3B7B-46FA-A0C0-8F64778EFE7D}"
EndProject
Global
	GlobalSection(SolutionConfigurationPlatforms) = preSolution
		Debug|Any CPU = Debug|Any CPU
		Release|Any CPU = Release|Any CPU
	EndGlobalSection
	GlobalSection(ProjectConfigurationPlatforms) = postSolution
		{D75F701D-3B7B-46FA-A0C0-8F64778EFE7D}.Debug|Any CPU.ActiveCfg = Debug|Any CPU
		{D75F701D-3B7B-46FA-A0C0-8F64778EFE7D}.Debug|Any CPU.Build.0 = Debug|Any CPU
		{D75F701D-3B7B-46FA-A0C0-8F64778EFE7D}.Release|Any CPU.ActiveCfg = Release|Any CPU
		{D75F701D-3B7B-46FA-A0C0-8F64778EFE7D}.Release|Any CPU.Build.0 = Release|Any CPU
	EndGlobalSection
EndGlobal
